gnalloy.org/gnalloy v0.0.0-20260902225229-13bb86030d0f h1:LpLxby2tBNQAil2WCo3LYMGRuN32QuSpyxUb/aBuLjQ=
gnalloy.org/gnalloy v0.0.0-20260902225229-13bb86030d0f/go.mod h1:Ahsh3ZG90dkm5gswMrAd+UYKeCXvFwY7pENPtNKJsuA=
golang.org/x/sys v0.47.0 h1:o7XGOvZQCADBQQ4Y7VNq2dRWQR7JmOUW8Kxx4ZsNgWs=
golang.org/x/sys v0.47.0/go.mod h1:4GL1E5IUh+htKOUEOaiffhrAeqysfVGipDYzABqnCmw=
